
Microsoft Visual Studio Solution File, Format Version 12.00
# Visual Studio 15
VisualStudioVersion = 15.0.27428.2011
MinimumVisualStudioVersion = 10.0.40219.1
Project("{888888A0-9F3D-457C-B088-3A5042F75D52}") = "TryingPython", "TryingPython\TryingPython.pyproj", "{BE2755AB-76E4-473A-9505-035A35024B03}"
EndProject
Global
	GlobalSection(SolutionConfigurationPlatforms) = preSolution
		Debug|Any CPU = Debug|Any CPU
		Release|Any CPU = Release|Any CPU
	EndGlobalSection
	GlobalSection(ProjectConfigurationPlatforms) = postSolution
		{BE2755AB-76E4-473A-9505-035A35024B03}.Debug|Any CPU.ActiveCfg = Debug|Any CPU
		{BE2755AB-76E4-473A-9505-035A35024B03}.Release|Any CPU.ActiveCfg = Release|Any CPU
	EndGlobalSection
	GlobalSection(SolutionProperties) = preSolution
		HideSolutionNode = FALSE
	EndGlobalSection
	GlobalSection(ExtensibilityGlobals) = postSolution
		SolutionGuid = {F00B24B8-B6BC-430E-B51B-E8C605A0D9FF}
	EndGlobalSection
EndGlobal
